<?xml version="1.0" encoding="utf-8"?>
<Project ToolsVersion="4.0" xmlns="http://schemas.microsoft.com/developer/msbuild/2003">
  <ItemGroup>
    <ClCompile Include="ADX2Le.cpp" />
    <ClCompile Include="Direct3D.cpp" />
    <ClCompile Include="DirectXTK.cpp" />
    <ClCompile Include="Game\GameClear.cpp" />
    <ClCompile Include="Game\GameLogo.cpp" />
    <ClCompile Include="Game\GameMain.cpp" />
    <ClCompile Include="Game\GamePlay.cpp" />
    <ClCompile Include="Game\GameTitle.cpp" />
    <ClCompile Include="Game\Object\ObjectBase.cpp" />
    <ClCompile Include="Game\Object\Player.cpp" />
    <ClCompile Include="ImaseLib\FPSTimer.cpp" />
    <ClCompile Include="Main.cpp" />
    <ClCompile Include="Texture.cpp" />
    <ClCompile Include="Game\Food\Food.cpp" />
  </ItemGroup>
  <ItemGroup>
    <ClInclude Include="ADX2Le.h" />
    <ClInclude Include="Common.h" />
    <ClInclude Include="Direct3D.h" />
    <ClInclude Include="DirectXTK.h" />
    <ClInclude Include="Game\CueSheet_0.h" />
    <ClInclude Include="Game\GameBase.h" />
    <ClInclude Include="Game\GameClear.h" />
    <ClInclude Include="Game\GameLogo.h" />
    <ClInclude Include="Game\GameMain.h" />
    <ClInclude Include="Game\GamePlay.h" />
    <ClInclude Include="Game\GameTitle.h" />
    <ClInclude Include="Game\Object\ObjectBase.h" />
    <ClInclude Include="Game\Object\Player.h" />
    <ClInclude Include="ImaseLib\FPSTimer.h" />
    <ClInclude Include="MemoryLeakDetector.h" />
    <ClInclude Include="Texture.h" />
    <ClInclude Include="Game\Food\Food.h" />
  </ItemGroup>
  <ItemGroup>
    <None Include="myfile.spritefont" />
  </ItemGroup>
</Project>